// !$*UTF8*$!
{
	archiveVersion = 1;
	classes = {
	};
	objectVersion = 46;
	objects = {

/* Begin PBXBuildFile section */
		84A22E8D1DAEB473003E4D6B /* FancyView.swift in Sources */ = {isa = PBXBuildFile; fileRef = 84A22E8C1DAEB473003E4D6B /* FancyView.swift */; };
		84A22E8F1DAEB501003E4D6B /* Constants.swift in Sources */ = {isa = PBXBuildFile; fileRef = 84A22E8E1DAEB501003E4D6B /* Constants.swift */; };
		84A22E921DAEB6AD003E4D6B /* RoundButton.swift in Sources */ = {isa = PBXBuildFile; fileRef = 84A22E911DAEB6AD003E4D6B /* RoundButton.swift */; };
		84A22E941DAEB84F003E4D6B /* FancyField.swift in Sources */ = {isa = PBXBuildFile; fileRef = 84A22E931DAEB84F003E4D6B /* FancyField.swift */; };
		84A22E961DAEB980003E4D6B /* FancyBtn.swift in Sources */ = {isa = PBXBuildFile; fileRef = 84A22E951DAEB980003E4D6B /* FancyBtn.swift */; };
		84ADF22B1DABB2B700E02591 /* AppDelegate.swift in Sources */ = {isa = PBXBuildFile; fileRef = 84ADF22A1DABB2B700E02591 /* AppDelegate.swift */; };
		84ADF22D1DABB2B700E02591 /* SignInVC.swift in Sources */ = {isa = PBXBuildFile; fileRef = 84ADF22C1DABB2B700E02591 /* SignInVC.swift */; };
		84ADF2301DABB2B700E02591 /* Main.storyboard in Resources */ = {isa = PBXBuildFile; fileRef = 84ADF22E1DABB2B700E02591 /* Main.storyboard */; };
		84ADF2321DABB2B700E02591 /* Assets.xcassets in Resources */ = {isa = PBXBuildFile; fileRef = 84ADF2311DABB2B700E02591 /* Assets.xcassets */; };
		84ADF2351DABB2B700E02591 /* LaunchScreen.storyboard in Resources */ = {isa = PBXBuildFile; fileRef = 84ADF2331DABB2B700E02591 /* LaunchScreen.storyboard */; };
		84ADF23D1DABB35400E02591 /* GoogleService-Info.plist in Resources */ = {isa = PBXBuildFile; fileRef = 84ADF23C1DABB35400E02591 /* GoogleService-Info.plist */; };
		EE81D0D267DCA151348C5CAB /* Pods_giraffe_social_firebase.framework in Frameworks */ = {isa = PBXBuildFile; fileRef = AAE2BA493C9B365589BBC753 /* Pods_giraffe_social_firebase.framework */; };
/* End PBXBuildFile section */

/* Begin PBXFileReference section */
		11D3FA978BD56B7963DCF0E4 /* Pods-giraffe-social-firebase.debug.xcconfig */ = {isa = PBXFileReference; includeInIndex = 1; lastKnownFileType = text.xcconfig; name = "Pods-giraffe-social-firebase.debug.xcconfig"; path = "Pods/Target Support Files/Pods-giraffe-social-firebase/Pods-giraffe-social-firebase.debug.xcconfig"; sourceTree = "<group>"; };
		84A22E8C1DAEB473003E4D6B /* FancyView.swift */ = {isa = PBXFileReference; fileEncoding = 4; lastKnownFileType = sourcecode.swift; path = FancyView.swift; sourceTree = "<group>"; };
		84A22E8E1DAEB501003E4D6B /* Constants.swift */ = {isa = PBXFileReference; fileEncoding = 4; lastKnownFileType = sourcecode.swift; path = Constants.swift; sourceTree = "<group>"; };
		84A22E911DAEB6AD003E4D6B /* RoundButton.swift */ = {isa = PBXFileReference; fileEncoding = 4; lastKnownFileType = sourcecode.swift; path = RoundButton.swift; sourceTree = "<group>"; };
		84A22E931DAEB84F003E4D6B /* FancyField.swift */ = {isa = PBXFileReference; fileEncoding = 4; lastKnownFileType = sourcecode.swift; path = FancyField.swift; sourceTree = "<group>"; };
		84A22E951DAEB980003E4D6B /* FancyBtn.swift */ = {isa = PBXFileReference; fileEncoding = 4; lastKnownFileType = sourcecode.swift; path = FancyBtn.swift; sourceTree = "<group>"; };
		84A22EA01DAEC5B8003E4D6B /* giraffe-social-firebase.entitlements */ = {isa = PBXFileReference; lastKnownFileType = text.plist.entitlements; path = "giraffe-social-firebase.entitlements"; sourceTree = "<group>"; };
		84ADF2271DABB2B700E02591 /* giraffe-social-firebase.app */ = {isa = PBXFileReference; explicitFileType = wrapper.application; includeInIndex = 0; path = "giraffe-social-firebase.app"; sourceTree = BUILT_PRODUCTS_DIR; };
		84ADF22A1DABB2B700E02591 /* AppDelegate.swift */ = {isa = PBXFileReference; lastKnownFileType = sourcecode.swift; path = AppDelegate.swift; sourceTree = "<group>"; };
		84ADF22C1DABB2B700E02591 /* SignInVC.swift */ = {isa = PBXFileReference; lastKnownFileType = sourcecode.swift; path = SignInVC.swift; sourceTree = "<group>"; };
		84ADF22F1DABB2B700E02591 /* Base */ = {isa = PBXFileReference; lastKnownFileType = file.storyboard; name = Base; path = Base.lproj/Main.storyboard; sourceTree = "<group>"; };
		84ADF2311DABB2B700E02591 /* Assets.xcassets */ = {isa = PBXFileReference; lastKnownFileType = folder.assetcatalog; path = Assets.xcassets; sourceTree = "<group>"; };
		84ADF2341DABB2B700E02591 /* Base */ = {isa = PBXFileReference; lastKnownFileType = file.storyboard; name = Base; path = Base.lproj/LaunchScreen.storyboard; sourceTree = "<group>"; };
		84ADF2361DABB2B700E02591 /* Info.plist */ = {isa = PBXFileReference; lastKnownFileType = text.plist.xml; path = Info.plist; sourceTree = "<group>"; };
		84ADF23C1DABB35400E02591 /* GoogleService-Info.plist */ = {isa = PBXFileReference; fileEncoding = 4; lastKnownFileType = text.plist.xml; path = "GoogleService-Info.plist"; sourceTree = "<group>"; };
		AAE2BA493C9B365589BBC753 /* Pods_giraffe_social_firebase.framework */ = {isa = PBXFileReference; explicitFileType = wrapper.framework; includeInIndex = 0; path = Pods_giraffe_social_firebase.framework; sourceTree = BUILT_PRODUCTS_DIR; };
		E1EFB5421933F6FE24C56B58 /* Pods-giraffe-social-firebase.release.xcconfig */ = {isa = PBXFileReference; includeInIndex = 1; lastKnownFileType = text.xcconfig; name = "Pods-giraffe-social-firebase.release.xcconfig"; path = "Pods/Target Support Files/Pods-giraffe-social-firebase/Pods-giraffe-social-firebase.release.xcconfig"; sourceTree = "<group>"; };
/* End PBXFileReference section */

/* Begin PBXFrameworksBuildPhase section */
		84ADF2241DABB2B700E02591 /* Frameworks */ = {
			isa = PBXFrameworksBuildPhase;
			buildActionMask = 2147483647;
			files = (
				EE81D0D267DCA151348C5CAB /* Pods_giraffe_social_firebase.framework in Frameworks */,
			);
			runOnlyForDeploymentPostprocessing = 0;
		};
/* End PBXFrameworksBuildPhase section */

/* Begin PBXGroup section */
		236F5A8CF274E29EA628C92F /* Pods */ = {
			isa = PBXGroup;
			children = (
				11D3FA978BD56B7963DCF0E4 /* Pods-giraffe-social-firebase.debug.xcconfig */,
				E1EFB5421933F6FE24C56B58 /* Pods-giraffe-social-firebase.release.xcconfig */,
			);
			name = Pods;
			sourceTree = "<group>";
		};
		446C7FED2BC49C0B6D5F1233 /* Frameworks */ = {
			isa = PBXGroup;
			children = (
				AAE2BA493C9B365589BBC753 /* Pods_giraffe_social_firebase.framework */,
			);
			name = Frameworks;
			sourceTree = "<group>";
		};
		849480A41DABB641006843EC /* Model */ = {
			isa = PBXGroup;
			children = (
			);
			name = Model;
			sourceTree = "<group>";
		};
		849480A51DABB647006843EC /* View */ = {
			isa = PBXGroup;
			children = (
				84A22E8C1DAEB473003E4D6B /* FancyView.swift */,
				84A22E911DAEB6AD003E4D6B /* RoundButton.swift */,
				84A22E931DAEB84F003E4D6B /* FancyField.swift */,
				84A22E951DAEB980003E4D6B /* FancyBtn.swift */,
			);
			name = View;
			sourceTree = "<group>";
		};
		849480A61DABB64B006843EC /* Controller */ = {
			isa = PBXGroup;
			children = (
				84ADF22C1DABB2B700E02591 /* SignInVC.swift */,
			);
			name = Controller;
			sourceTree = "<group>";
		};
		84A22E901DAEB504003E4D6B /* Util */ = {
			isa = PBXGroup;
			children = (
				84A22E8E1DAEB501003E4D6B /* Constants.swift */,
			);
			name = Util;
			sourceTree = "<group>";
		};
		84ADF21E1DABB2B700E02591 = {
			isa = PBXGroup;
			children = (
				84ADF2291DABB2B700E02591 /* giraffe-social-firebase */,
				84ADF2281DABB2B700E02591 /* Products */,
				236F5A8CF274E29EA628C92F /* Pods */,
				446C7FED2BC49C0B6D5F1233 /* Frameworks */,
			);
			sourceTree = "<group>";
		};
		84ADF2281DABB2B700E02591 /* Products */ = {
			isa = PBXGroup;
			children = (
				84ADF2271DABB2B700E02591 /* giraffe-social-firebase.app */,
			);
			name = Products;
			sourceTree = "<group>";
		};
		84ADF2291DABB2B700E02591 /* giraffe-social-firebase */ = {
			isa = PBXGroup;
			children = (
				84A22EA01DAEC5B8003E4D6B /* giraffe-social-firebase.entitlements */,
				84A22E901DAEB504003E4D6B /* Util */,
				849480A41DABB641006843EC /* Model */,
				849480A51DABB647006843EC /* View */,
				849480A61DABB64B006843EC /* Controller */,
				84ADF22A1DABB2B700E02591 /* AppDelegate.swift */,
				84ADF22E1DABB2B700E02591 /* Main.storyboard */,
				84ADF2311DABB2B700E02591 /* Assets.xcassets */,
				84ADF2331DABB2B700E02591 /* LaunchScreen.storyboard */,
				84ADF2361DABB2B700E02591 /* Info.plist */,
				84ADF23C1DABB35400E02591 /* GoogleService-Info.plist */,
			);
			path = "giraffe-social-firebase";
			sourceTree = "<group>";
		};
/* End PBXGroup section */

/* Begin PBXNativeTarget section */
		84ADF2261DABB2B700E02591 /* giraffe-social-firebase */ = {
			isa = PBXNativeTarget;
			buildConfigurationList = 84ADF2391DABB2B700E02591 /* Build configuration list for PBXNativeTarget "giraffe-social-firebase" */;
			buildPhases = (
				D84EB4E6EE980E4506759553 /* [CP] Check Pods Manifest.lock */,
				84ADF2231DABB2B700E02591 /* Sources */,
				84ADF2241DABB2B700E02591 /* Frameworks */,
				84ADF2251DABB2B700E02591 /* Resources */,
				C0CC255E0F522DAFA3625BDF /* [CP] Embed Pods Frameworks */,
				324BBDD745D6EBAAE042827D /* [CP] Copy Pods Resources */,
			);
			buildRules = (
			);
			dependencies = (
			);
			name = "giraffe-social-firebase";
			productName = "giraffe-social-firebase";
			productReference = 84ADF2271DABB2B700E02591 /* giraffe-social-firebase.app */;
			productType = "com.apple.product-type.application";
		};
/* End PBXNativeTarget section */

/* Begin PBXProject section */
		84ADF21F1DABB2B700E02591 /* Project object */ = {
			isa = PBXProject;
			attributes = {
				LastSwiftUpdateCheck = 0810;
				LastUpgradeCheck = 0810;
				ORGANIZATIONNAME = com.giraffe;
				TargetAttributes = {
					84ADF2261DABB2B700E02591 = {
						CreatedOnToolsVersion = 8.1;
						DevelopmentTeam = X3563PB3YJ;
						ProvisioningStyle = Automatic;
						SystemCapabilities = {
							com.apple.Keychain = {
								enabled = 1;
							};
						};
					};
				};
			};
			buildConfigurationList = 84ADF2221DABB2B700E02591 /* Build configuration list for PBXProject "giraffe-social-firebase" */;
			compatibilityVersion = "Xcode 3.2";
			developmentRegion = English;
			hasScannedForEncodings = 0;
			knownRegions = (
				en,
				Base,
			);
			mainGroup = 84ADF21E1DABB2B700E02591;
			productRefGroup = 84ADF2281DABB2B700E02591 /* Products */;
			projectDirPath = "";
			projectRoot = "";
			targets = (
				84ADF2261DABB2B700E02591 /* giraffe-social-firebase */,
			);
		};
/* End PBXProject section */

/* Begin PBXResourcesBuildPhase section */
		84ADF2251DABB2B700E02591 /* Resources */ = {
			isa = PBXResourcesBuildPhase;
			buildActionMask = 2147483647;
			files = (
				84ADF2351DABB2B700E02591 /* LaunchScreen.storyboard in Resources */,
				84ADF23D1DABB35400E02591 /* GoogleService-Info.plist in Resources */,
				84ADF2321DABB2B700E02591 /* Assets.xcassets in Resources */,
				84ADF2301DABB2B700E02591 /* Main.storyboard in Resources */,
			);
			runOnlyForDeploymentPostprocessing = 0;
		};
/* End PBXResourcesBuildPhase section */

/* Begin PBXShellScriptBuildPhase section */
		324BBDD745D6EBAAE042827D /* [CP] Copy Pods Resources */ = {
			isa = PBXShellScriptBuildPhase;
			buildActionMask = 2147483647;
			files = (
			);
			inputPaths = (
			);
			name = "[CP] Copy Pods Resources";
			outputPaths = (
			);
			runOnlyForDeploymentPostprocessing = 0;
			shellPath = /bin/sh;
			shellScript = "\"${SRCROOT}/Pods/Target Support Files/Pods-giraffe-social-firebase/Pods-giraffe-social-firebase-resources.sh\"\n";
			showEnvVarsInLog = 0;
		};
		C0CC255E0F522DAFA3625BDF /* [CP] Embed Pods Frameworks */ = {
			isa = PBXShellScriptBuildPhase;
			buildActionMask = 2147483647;
			files = (
			);
			inputPaths = (
			);
			name = "[CP] Embed Pods Frameworks";
			outputPaths = (
			);
			runOnlyForDeploymentPostprocessing = 0;
			shellPath = /bin/sh;
			shellScript = "\"${SRCROOT}/Pods/Target Support Files/Pods-giraffe-social-firebase/Pods-giraffe-social-firebase-frameworks.sh\"\n";
			showEnvVarsInLog = 0;
		};
		D84EB4E6EE980E4506759553 /* [CP] Check Pods Manifest.lock */ = {
			isa = PBXShellScriptBuildPhase;
			buildActionMask = 2147483647;
			files = (
			);
			inputPaths = (
			);
			name = "[CP] Check Pods Manifest.lock";
			outputPaths = (
			);
			runOnlyForDeploymentPostprocessing = 0;
			shellPath = /bin/sh;
			shellScript = "diff \"${PODS_ROOT}/../Podfile.lock\" \"${PODS_ROOT}/Manifest.lock\" > /dev/null\nif [ $? != 0 ] ; then\n    # print error to STDERR\n    echo \"error: The sandbox is not in sync with the Podfile.lock. Run 'pod install' or update your CocoaPods installation.\" >&2\n    exit 1\nfi\n";
			showEnvVarsInLog = 0;
		};
/* End PBXShellScriptBuildPhase section */

/* Begin PBXSourcesBuildPhase section */
		84ADF2231DABB2B700E02591 /* Sources */ = {
			isa = PBXSourcesBuildPhase;
			buildActionMask = 2147483647;
			files = (
				84A22E941DAEB84F003E4D6B /* FancyField.swift in Sources */,
				84ADF22D1DABB2B700E02591 /* SignInVC.swift in Sources */,
				84A22E921DAEB6AD003E4D6B /* RoundButton.swift in Sources */,
				84ADF22B1DABB2B700E02591 /* AppDelegate.swift in Sources */,
				84A22E8D1DAEB473003E4D6B /* FancyView.swift in Sources */,
				84A22E8F1DAEB501003E4D6B /* Constants.swift in Sources */,
				84A22E961DAEB980003E4D6B /* FancyBtn.swift in Sources */,
			);
			runOnlyForDeploymentPostprocessing = 0;
		};
/* End PBXSourcesBuildPhase section */

/* Begin PBXVariantGroup section */
		84ADF22E1DABB2B700E02591 /* Main.storyboard */ = {
			isa = PBXVariantGroup;
			children = (
				84ADF22F1DABB2B700E02591 /* Base */,
			);
			name = Main.storyboard;
			sourceTree = "<group>";
		};
		84ADF2331DABB2B700E02591 /* LaunchScreen.storyboard */ = {
			isa = PBXVariantGroup;
			children = (
				84ADF2341DABB2B700E02591 /* Base */,
			);
			name = LaunchScreen.storyboard;
			sourceTree = "<group>";
		};
/* End PBXVariantGroup section */

/* Begin XCBuildConfiguration section */
		84ADF2371DABB2B700E02591 /* Debug */ = {
			isa = XCBuildConfiguration;
			buildSettings = {
				ALWAYS_SEARCH_USER_PATHS = NO;
				CLANG_ANALYZER_NONNULL = YES;
				CLANG_CXX_LANGUAGE_STANDARD = "gnu++0x";
				CLANG_CXX_LIBRARY = "libc++";
				CLANG_ENABLE_MODULES = YES;
				CLANG_ENABLE_OBJC_ARC = YES;
				CLANG_WARN_BOOL_CONVERSION = YES;
				CLANG_WARN_CONSTANT_CONVERSION = YES;
				CLANG_WARN_DIRECT_OBJC_ISA_USAGE = YES_ERROR;
				CLANG_WARN_DOCUMENTATION_COMMENTS = YES;
				CLANG_WARN_EMPTY_BODY = YES;
				CLANG_WARN_ENUM_CONVERSION = YES;
				CLANG_WARN_INFINITE_RECURSION = YES;
				CLANG_WARN_INT_CONVERSION = YES;
				CLANG_WARN_OBJC_ROOT_CLASS = YES_ERROR;
				CLANG_WARN_SUSPICIOUS_MOVE = YES;
				CLANG_WARN_SUSPICIOUS_MOVES = YES;
				CLANG_WARN_UNREACHABLE_CODE = YES;
				CLANG_WARN__DUPLICATE_METHOD_MATCH = YES;
				"CODE_SIGN_IDENTITY[sdk=iphoneos*]" = "iPhone Developer";
				COPY_PHASE_STRIP = NO;
				DEBUG_INFORMATION_FORMAT = dwarf;
				ENABLE_STRICT_OBJC_MSGSEND = YES;
				ENABLE_TESTABILITY = YES;
				GCC_C_LANGUAGE_STANDARD = gnu99;
				GCC_DYNAMIC_NO_PIC = NO;
				GCC_NO_COMMON_BLOCKS = YES;
				GCC_OPTIMIZATION_LEVEL = 0;
				GCC_PREPROCESSOR_DEFINITIONS = (
					"DEBUG=1",
					"$(inherited)",
				);
				GCC_WARN_64_TO_32_BIT_CONVERSION = YES;
				GCC_WARN_ABOUT_RETURN_TYPE = YES_ERROR;
				GCC_WARN_UNDECLARED_SELECTOR = YES;
				GCC_WARN_UNINITIALIZED_AUTOS = YES_AGGRESSIVE;
				GCC_WARN_UNUSED_FUNCTION = YES;
				GCC_WARN_UNUSED_VARIABLE = YES;
				IPHONEOS_DEPLOYMENT_TARGET = 10.1;
				MTL_ENABLE_DEBUG_INFO = YES;
				ONLY_ACTIVE_ARCH = YES;
				SDKROOT = iphoneos;
				SWIFT_ACTIVE_COMPILATION_CONDITIONS = DEBUG;
				SWIFT_OPTIMIZATION_LEVEL = "-Onone";
			};
			name = Debug;
		};
		84ADF2381DABB2B700E02591 /* Release */ = {
			isa = XCBuildConfiguration;
			buildSettings = {
				ALWAYS_SEARCH_USER_PATHS = NO;
				CLANG_ANALYZER_NONNULL = YES;
				CLANG_CXX_LANGUAGE_STANDARD = "gnu++0x";
				CLANG_CXX_LIBRARY = "libc++";
				CLANG_ENABLE_MODULES = YES;
				CLANG_ENABLE_OBJC_ARC = YES;
				CLANG_WARN_BOOL_CONVERSION = YES;
				CLANG_WARN_CONSTANT_CONVERSION = YES;
				CLANG_WARN_DIRECT_OBJC_ISA_USAGE = YES_ERROR;
				CLANG_WARN_DOCUMENTATION_COMMENTS = YES;
				CLANG_WARN_EMPTY_BODY = YES;
				CLANG_WARN_ENUM_CONVERSION = YES;
				CLANG_WARN_INFINITE_RECURSION = YES;
				CLANG_WARN_INT_CONVERSION = YES;
				CLANG_WARN_OBJC_ROOT_CLASS = YES_ERROR;
				CLANG_WARN_SUSPICIOUS_MOVE = YES;
				CLANG_WARN_SUSPICIOUS_MOVES = YES;
				CLANG_WARN_UNREACHABLE_CODE = YES;
				CLANG_WARN__DUPLICATE_METHOD_MATCH = YES;
				"CODE_SIGN_IDENTITY[sdk=iphoneos*]" = "iPhone Developer";
				COPY_PHASE_STRIP = NO;
				DEBUG_INFORMATION_FORMAT = "dwarf-with-dsym";
				ENABLE_NS_ASSERTIONS = NO;
				ENABLE_STRICT_OBJC_MSGSEND = YES;
				GCC_C_LANGUAGE_STANDARD = gnu99;
				GCC_NO_COMMON_BLOCKS = YES;
				GCC_WARN_64_TO_32_BIT_CONVERSION = YES;
				GCC_WARN_ABOUT_RETURN_TYPE = YES_ERROR;
				GCC_WARN_UNDECLARED_SELECTOR = YES;
				GCC_WARN_UNINITIALIZED_AUTOS = YES_AGGRESSIVE;
				GCC_WARN_UNUSED_FUNCTION = YES;
				GCC_WARN_UNUSED_VARIABLE = YES;
				IPHONEOS_DEPLOYMENT_TARGET = 10.1;
				MTL_ENABLE_DEBUG_INFO = NO;
				SDKROOT = iphoneos;
				SWIFT_OPTIMIZATION_LEVEL = "-Owholemodule";
				VALIDATE_PRODUCT = YES;
			};
			name = Release;
		};
		84ADF23A1DABB2B700E02591 /* Debug */ = {
			isa = XCBuildConfiguration;
			baseConfigurationReference = 11D3FA978BD56B7963DCF0E4 /* Pods-giraffe-social-firebase.debug.xcconfig */;
			buildSettings = {
				ASSETCATALOG_COMPILER_APPICON_NAME = AppIcon;
				CODE_SIGN_ENTITLEMENTS = "giraffe-social-firebase/giraffe-social-firebase.entitlements";
				DEVELOPMENT_TEAM = X3563PB3YJ;
				FRAMEWORK_SEARCH_PATHS = (
					"$(inherited)",
					"$(PROJECT_DIR)/giraffe-social-firebase",
				);
				INFOPLIST_FILE = "giraffe-social-firebase/Info.plist";
				LD_RUNPATH_SEARCH_PATHS = "$(inherited) @executable_path/Frameworks";
				PRODUCT_BUNDLE_IDENTIFIER = "giraffe.in.ua-gmail.com.giraffe-social-firebase";
				PRODUCT_NAME = "$(TARGET_NAME)";
				SWIFT_VERSION = 3.0;
			};
			name = Debug;
		};
		84ADF23B1DABB2B700E02591 /* Release */ = {
			isa = XCBuildConfiguration;
			baseConfigurationReference = E1EFB5421933F6FE24C56B58 /* Pods-giraffe-social-firebase.release.xcconfig */;
			buildSettings = {
				ASSETCATALOG_COMPILER_APPICON_NAME = AppIcon;
				CODE_SIGN_ENTITLEMENTS = "giraffe-social-firebase/giraffe-social-firebase.entitlements";
				DEVELOPMENT_TEAM = X3563PB3YJ;
				FRAMEWORK_SEARCH_PATHS = (
					"$(inherited)",
					"$(PROJECT_DIR)/giraffe-social-firebase",
				);
				INFOPLIST_FILE = "giraffe-social-firebase/Info.plist";
				LD_RUNPATH_SEARCH_PATHS = "$(inherited) @executable_path/Frameworks";
				PRODUCT_BUNDLE_IDENTIFIER = "giraffe.in.ua-gmail.com.giraffe-social-firebase";
				PRODUCT_NAME = "$(TARGET_NAME)";
				SWIFT_VERSION = 3.0;
			};
			name = Release;
		};
/* End XCBuildConfiguration section */

/* Begin XCConfigurationList section */
		84ADF2221DABB2B700E02591 /* Build configuration list for PBXProject "giraffe-social-firebase" */ = {
			isa = XCConfigurationList;
			buildConfigurations = (
				84ADF2371DABB2B700E02591 /* Debug */,
				84ADF2381DABB2B700E02591 /* Release */,
			);
			defaultConfigurationIsVisible = 0;
			defaultConfigurationName = Release;
		};
		84ADF2391DABB2B700E02591 /* Build configuration list for PBXNativeTarget "giraffe-social-firebase" */ = {
			isa = XCConfigurationList;
			buildConfigurations = (
				84ADF23A1DABB2B700E02591 /* Debug */,
				84ADF23B1DABB2B700E02591 /* Release */,
			);
			defaultConfigurationIsVisible = 0;
			defaultConfigurationName = Release;
		};
/* End XCConfigurationList section */
	};
	rootObject = 84ADF21F1DABB2B700E02591 /* Project object */;
}
